{
	"name": "@geislabs/http-proxy",
	"version": "0.0.72",
	"lockfileVersion": 2,
	"requires": true,
	"packages": {
		"": {
			"name": "@geislabs/http-proxy",
			"version": "0.0.68",
			"license": "ISC",
			"dependencies": {
				"@geislabs/runtime-event": "^0.0.67"
			}
		},
		"node_modules/@geislabs/runtime-event": {
			"version": "0.0.67",
			"resolved": "https://registry.npmjs.org/@geislabs/runtime-event/-/runtime-event-0.0.67.tgz",
			"integrity": "sha512-mFBdyZKd0BZXuAFJ5E5CVv89Mla9BPJB7ecID1zj9CH6QD90NjClLvGDgYr3LIyzSFiRCjWaQPyjFWslplvNAg=="
		}
	},
	"dependencies": {
		"@geislabs/runtime-event": {
			"version": "0.0.67",
			"resolved": "https://registry.npmjs.org/@geislabs/runtime-event/-/runtime-event-0.0.67.tgz",
			"integrity": "sha512-mFBdyZKd0BZXuAFJ5E5CVv89Mla9BPJB7ecID1zj9CH6QD90NjClLvGDgYr3LIyzSFiRCjWaQPyjFWslplvNAg=="
		}
	}
}
